
Microsoft Visual Studio Solution File, Format Version 12.00
# Visual Studio Version 17
VisualStudioVersion = 17.13.35931.197
MinimumVisualStudioVersion = 10.0.40219.1
Project("{FAE04EC0-301F-11D3-BF4B-00C04F79EFBC}") = "Ferramenta", "Ferramenta\Ferramenta.csproj", "{6CC34289-B45B-49AC-A3C4-88CC52694C9B}"
EndProject
Project("{2150E333-8FDC-42A3-9474-1A3956D46DE8}") = "Elementi di soluzione", "Elementi di soluzione", "{9DF70304-0A22-CE1E-AA12-D5904EE55694}"
	ProjectSection(SolutionItems) = preProject
		appsettings.Development.json = appsettings.Development.json
		appsettings.json = appsettings.json
	EndProjectSection
EndProject
Global
	GlobalSection(SolutionConfigurationPlatforms) = preSolution
		Debug|Any CPU = Debug|Any CPU
		Release|Any CPU = Release|Any CPU
	EndGlobalSection
	GlobalSection(ProjectConfigurationPlatforms) = postSolution
		{6CC34289-B45B-49AC-A3C4-88CC52694C9B}.Debug|Any CPU.ActiveCfg = Debug|Any CPU
		{6CC34289-B45B-49AC-A3C4-88CC52694C9B}.Debug|Any CPU.Build.0 = Debug|Any CPU
		{6CC34289-B45B-49AC-A3C4-88CC52694C9B}.Release|Any CPU.ActiveCfg = Release|Any CPU
		{6CC34289-B45B-49AC-A3C4-88CC52694C9B}.Release|Any CPU.Build.0 = Release|Any CPU
	EndGlobalSection
	GlobalSection(SolutionProperties) = preSolution
		HideSolutionNode = FALSE
	EndGlobalSection
	GlobalSection(ExtensibilityGlobals) = postSolution
		SolutionGuid = {4F83F78B-EB19-4CC2-9579-FB74A8B3C103}
	EndGlobalSection
EndGlobal
